
Microsoft Visual Studio Solution File, Format Version 12.00
# Visual Studio Version 17
VisualStudioVersion = 17.9.34701.34
MinimumVisualStudioVersion = 10.0.40219.1
Project("{FAE04EC0-301F-11D3-BF4B-00C04F79EFBC}") = "CassaforteOID", "CassaforteOID.csproj", "{7443CEC5-C8FB-4B0B-BFEA-525773D326A4}"
EndProject
Global
	GlobalSection(SolutionConfigurationPlatforms) = preSolution
		Debug|Any CPU = Debug|Any CPU
		Release|Any CPU = Release|Any CPU
	EndGlobalSection
	GlobalSection(ProjectConfigurationPlatforms) = postSolution
		{7443CEC5-C8FB-4B0B-BFEA-525773D326A4}.Debug|Any CPU.ActiveCfg = Debug|Any CPU
		{7443CEC5-C8FB-4B0B-BFEA-525773D326A4}.Debug|Any CPU.Build.0 = Debug|Any CPU
		{7443CEC5-C8FB-4B0B-BFEA-525773D326A4}.Release|Any CPU.ActiveCfg = Release|Any CPU
		{7443CEC5-C8FB-4B0B-BFEA-525773D326A4}.Release|Any CPU.Build.0 = Release|Any CPU
	EndGlobalSection
	GlobalSection(SolutionProperties) = preSolution
		HideSolutionNode = FALSE
	EndGlobalSection
	GlobalSection(ExtensibilityGlobals) = postSolution
		SolutionGuid = {359EB92F-C4E9-4B0C-8163-2BC4C8E8712A}
	EndGlobalSection
EndGlobal
